// !$*UTF8*$!
{
	archiveVersion = 1;
	classes = {
	};
	objectVersion = 46;
	objects = {

/* Begin PBXBuildFile section */
		3B29C5681D21614400005657 /* AppDelegate.swift in Sources */ = {isa = PBXBuildFile; fileRef = 3B29C5671D21614400005657 /* AppDelegate.swift */; };
		3B29C56A1D21614400005657 /* ViewController.swift in Sources */ = {isa = PBXBuildFile; fileRef = 3B29C5691D21614400005657 /* ViewController.swift */; };
		3B29C56D1D21614400005657 /* Main.storyboard in Resources */ = {isa = PBXBuildFile; fileRef = 3B29C56B1D21614400005657 /* Main.storyboard */; };
		3B29C56F1D21614400005657 /* Assets.xcassets in Resources */ = {isa = PBXBuildFile; fileRef = 3B29C56E1D21614400005657 /* Assets.xcassets */; };
		3B29C5721D21614400005657 /* LaunchScreen.storyboard in Resources */ = {isa = PBXBuildFile; fileRef = 3B29C5701D21614400005657 /* LaunchScreen.storyboard */; };
		3B29C57D1D21614400005657 /* PennHerniaRiskCalculatorTests.swift in Sources */ = {isa = PBXBuildFile; fileRef = 3B29C57C1D21614400005657 /* PennHerniaRiskCalculatorTests.swift */; };
/* End PBXBuildFile section */

/* Begin PBXContainerItemProxy section */
		3B29C5791D21614400005657 /* PBXContainerItemProxy */ = {
			isa = PBXContainerItemProxy;
			containerPortal = 3B29C55C1D21614400005657 /* Project object */;
			proxyType = 1;
			remoteGlobalIDString = 3B29C5631D21614400005657;
			remoteInfo = PennHerniaRiskCalculator;
		};
/* End PBXContainerItemProxy section */

/* Begin PBXFileReference section */
		3B29C5641D21614400005657 /* PennHerniaRiskCalculator.app */ = {isa = PBXFileReference; explicitFileType = wrapper.application; includeInIndex = 0; path = PennHerniaRiskCalculator.app; sourceTree = BUILT_PRODUCTS_DIR; };
		3B29C5671D21614400005657 /* AppDelegate.swift */ = {isa = PBXFileReference; lastKnownFileType = sourcecode.swift; path = AppDelegate.swift; sourceTree = "<group>"; };
		3B29C5691D21614400005657 /* ViewController.swift */ = {isa = PBXFileReference; lastKnownFileType = sourcecode.swift; path = ViewController.swift; sourceTree = "<group>"; };
		3B29C56C1D21614400005657 /* Base */ = {isa = PBXFileReference; lastKnownFileType = file.storyboard; name = Base; path = Base.lproj/Main.storyboard; sourceTree = "<group>"; };
		3B29C56E1D21614400005657 /* Assets.xcassets */ = {isa = PBXFileReference; lastKnownFileType = folder.assetcatalog; path = Assets.xcassets; sourceTree = "<group>"; };
		3B29C5711D21614400005657 /* Base */ = {isa = PBXFileReference; lastKnownFileType = file.storyboard; name = Base; path = Base.lproj/LaunchScreen.storyboard; sourceTree = "<group>"; };
		3B29C5731D21614400005657 /* Info.plist */ = {isa = PBXFileReference; lastKnownFileType = text.plist.xml; path = Info.plist; sourceTree = "<group>"; };
		3B29C5781D21614400005657 /* PennHerniaRiskCalculatorTests.xctest */ = {isa = PBXFileReference; explicitFileType = wrapper.cfbundle; includeInIndex = 0; path = PennHerniaRiskCalculatorTests.xctest; sourceTree = BUILT_PRODUCTS_DIR; };
		3B29C57C1D21614400005657 /* PennHerniaRiskCalculatorTests.swift */ = {isa = PBXFileReference; lastKnownFileType = sourcecode.swift; path = PennHerniaRiskCalculatorTests.swift; sourceTree = "<group>"; };
		3B29C57E1D21614400005657 /* Info.plist */ = {isa = PBXFileReference; lastKnownFileType = text.plist.xml; path = Info.plist; sourceTree = "<group>"; };
/* End PBXFileReference section */

/* Begin PBXFrameworksBuildPhase section */
		3B29C5611D21614400005657 /* Frameworks */ = {
			isa = PBXFrameworksBuildPhase;
			buildActionMask = 2147483647;
			files = (
			);
			runOnlyForDeploymentPostprocessing = 0;
		};
		3B29C5751D21614400005657 /* Frameworks */ = {
			isa = PBXFrameworksBuildPhase;
			buildActionMask = 2147483647;
			files = (
			);
			runOnlyForDeploymentPostprocessing = 0;
		};
/* End PBXFrameworksBuildPhase section */

/* Begin PBXGroup section */
		3B29C55B1D21614400005657 = {
			isa = PBXGroup;
			children = (
				3B29C5661D21614400005657 /* PennHerniaRiskCalculator */,
				3B29C57B1D21614400005657 /* PennHerniaRiskCalculatorTests */,
				3B29C5651D21614400005657 /* Products */,
			);
			sourceTree = "<group>";
		};
		3B29C5651D21614400005657 /* Products */ = {
			isa = PBXGroup;
			children = (
				3B29C5641D21614400005657 /* PennHerniaRiskCalculator.app */,
				3B29C5781D21614400005657 /* PennHerniaRiskCalculatorTests.xctest */,
			);
			name = Products;
			sourceTree = "<group>";
		};
		3B29C5661D21614400005657 /* PennHerniaRiskCalculator */ = {
			isa = PBXGroup;
			children = (
				3B29C5671D21614400005657 /* AppDelegate.swift */,
				3B29C5691D21614400005657 /* ViewController.swift */,
				3B29C56B1D21614400005657 /* Main.storyboard */,
				3B29C56E1D21614400005657 /* Assets.xcassets */,
				3B29C5701D21614400005657 /* LaunchScreen.storyboard */,
				3B29C5731D21614400005657 /* Info.plist */,
			);
			path = PennHerniaRiskCalculator;
			sourceTree = "<group>";
		};
		3B29C57B1D21614400005657 /* PennHerniaRiskCalculatorTests */ = {
			isa = PBXGroup;
			children = (
				3B29C57C1D21614400005657 /* PennHerniaRiskCalculatorTests.swift */,
				3B29C57E1D21614400005657 /* Info.plist */,
			);
			path = PennHerniaRiskCalculatorTests;
			sourceTree = "<group>";
		};
/* End PBXGroup section */

/* Begin PBXNativeTarget section */
		3B29C5631D21614400005657 /* PennHerniaRiskCalculator */ = {
			isa = PBXNativeTarget;
			buildConfigurationList = 3B29C5811D21614400005657 /* Build configuration list for PBXNativeTarget "PennHerniaRiskCalculator" */;
			buildPhases = (
				3B29C5601D21614400005657 /* Sources */,
				3B29C5611D21614400005657 /* Frameworks */,
				3B29C5621D21614400005657 /* Resources */,
			);
			buildRules = (
			);
			dependencies = (
			);
			name = PennHerniaRiskCalculator;
			productName = PennHerniaRiskCalculator;
			productReference = 3B29C5641D21614400005657 /* PennHerniaRiskCalculator.app */;
			productType = "com.apple.product-type.application";
		};
		3B29C5771D21614400005657 /* PennHerniaRiskCalculatorTests */ = {
			isa = PBXNativeTarget;
			buildConfigurationList = 3B29C5841D21614400005657 /* Build configuration list for PBXNativeTarget "PennHerniaRiskCalculatorTests" */;
			buildPhases = (
				3B29C5741D21614400005657 /* Sources */,
				3B29C5751D21614400005657 /* Frameworks */,
				3B29C5761D21614400005657 /* Resources */,
			);
			buildRules = (
			);
			dependencies = (
				3B29C57A1D21614400005657 /* PBXTargetDependency */,
			);
			name = PennHerniaRiskCalculatorTests;
			productName = PennHerniaRiskCalculatorTests;
			productReference = 3B29C5781D21614400005657 /* PennHerniaRiskCalculatorTests.xctest */;
			productType = "com.apple.product-type.bundle.unit-test";
		};
/* End PBXNativeTarget section */

/* Begin PBXProject section */
		3B29C55C1D21614400005657 /* Project object */ = {
			isa = PBXProject;
			attributes = {
				LastSwiftUpdateCheck = 0730;
				LastUpgradeCheck = 0730;
				ORGANIZATIONNAME = PennSHPEAppDevelopment;
				TargetAttributes = {
					3B29C5631D21614400005657 = {
						CreatedOnToolsVersion = 7.3.1;
					};
					3B29C5771D21614400005657 = {
						CreatedOnToolsVersion = 7.3.1;
						TestTargetID = 3B29C5631D21614400005657;
					};
				};
			};
			buildConfigurationList = 3B29C55F1D21614400005657 /* Build configuration list for PBXProject "PennHerniaRiskCalculator" */;
			compatibilityVersion = "Xcode 3.2";
			developmentRegion = English;
			hasScannedForEncodings = 0;
			knownRegions = (
				en,
				Base,
			);
			mainGroup = 3B29C55B1D21614400005657;
			productRefGroup = 3B29C5651D21614400005657 /* Products */;
			projectDirPath = "";
			projectRoot = "";
			targets = (
				3B29C5631D21614400005657 /* PennHerniaRiskCalculator */,
				3B29C5771D21614400005657 /* PennHerniaRiskCalculatorTests */,
			);
		};
/* End PBXProject section */

/* Begin PBXResourcesBuildPhase section */
		3B29C5621D21614400005657 /* Resources */ = {
			isa = PBXResourcesBuildPhase;
			buildActionMask = 2147483647;
			files = (
				3B29C5721D21614400005657 /* LaunchScreen.storyboard in Resources */,
				3B29C56F1D21614400005657 /* Assets.xcassets in Resources */,
				3B29C56D1D21614400005657 /* Main.storyboard in Resources */,
			);
			runOnlyForDeploymentPostprocessing = 0;
		};
		3B29C5761D21614400005657 /* Resources */ = {
			isa = PBXResourcesBuildPhase;
			buildActionMask = 2147483647;
			files = (
			);
			runOnlyForDeploymentPostprocessing = 0;
		};
/* End PBXResourcesBuildPhase section */

/* Begin PBXSourcesBuildPhase section */
		3B29C5601D21614400005657 /* Sources */ = {
			isa = PBXSourcesBuildPhase;
			buildActionMask = 2147483647;
			files = (
				3B29C56A1D21614400005657 /* ViewController.swift in Sources */,
				3B29C5681D21614400005657 /* AppDelegate.swift in Sources */,
			);
			runOnlyForDeploymentPostprocessing = 0;
		};
		3B29C5741D21614400005657 /* Sources */ = {
			isa = PBXSourcesBuildPhase;
			buildActionMask = 2147483647;
			files = (
				3B29C57D1D21614400005657 /* PennHerniaRiskCalculatorTests.swift in Sources */,
			);
			runOnlyForDeploymentPostprocessing = 0;
		};
/* End PBXSourcesBuildPhase section */

/* Begin PBXTargetDependency section */
		3B29C57A1D21614400005657 /* PBXTargetDependency */ = {
			isa = PBXTargetDependency;
			target = 3B29C5631D21614400005657 /* PennHerniaRiskCalculator */;
			targetProxy = 3B29C5791D21614400005657 /* PBXContainerItemProxy */;
		};
/* End PBXTargetDependency section */

/* Begin PBXVariantGroup section */
		3B29C56B1D21614400005657 /* Main.storyboard */ = {
			isa = PBXVariantGroup;
			children = (
				3B29C56C1D21614400005657 /* Base */,
			);
			name = Main.storyboard;
			sourceTree = "<group>";
		};
		3B29C5701D21614400005657 /* LaunchScreen.storyboard */ = {
			isa = PBXVariantGroup;
			children = (
				3B29C5711D21614400005657 /* Base */,
			);
			name = LaunchScreen.storyboard;
			sourceTree = "<group>";
		};
/* End PBXVariantGroup section */

/* Begin XCBuildConfiguration section */
		3B29C57F1D21614400005657 /* Debug */ = {
			isa = XCBuildConfiguration;
			buildSettings = {
				ALWAYS_SEARCH_USER_PATHS = NO;
				CLANG_ANALYZER_NONNULL = YES;
				CLANG_CXX_LANGUAGE_STANDARD = "gnu++0x";
				CLANG_CXX_LIBRARY = "libc++";
				CLANG_ENABLE_MODULES = YES;
				CLANG_ENABLE_OBJC_ARC = YES;
				CLANG_WARN_BOOL_CONVERSION = YES;
				CLANG_WARN_CONSTANT_CONVERSION = YES;
				CLANG_WARN_DIRECT_OBJC_ISA_USAGE = YES_ERROR;
				CLANG_WARN_EMPTY_BODY = YES;
				CLANG_WARN_ENUM_CONVERSION = YES;
				CLANG_WARN_INT_CONVERSION = YES;
				CLANG_WARN_OBJC_ROOT_CLASS = YES_ERROR;
				CLANG_WARN_UNREACHABLE_CODE = YES;
				CLANG_WARN__DUPLICATE_METHOD_MATCH = YES;
				"CODE_SIGN_IDENTITY[sdk=iphoneos*]" = "iPhone Developer";
				COPY_PHASE_STRIP = NO;
				DEBUG_INFORMATION_FORMAT = dwarf;
				ENABLE_STRICT_OBJC_MSGSEND = YES;
				ENABLE_TESTABILITY = YES;
				GCC_C_LANGUAGE_STANDARD = gnu99;
				GCC_DYNAMIC_NO_PIC = NO;
				GCC_NO_COMMON_BLOCKS = YES;
				GCC_OPTIMIZATION_LEVEL = 0;
				GCC_PREPROCESSOR_DEFINITIONS = (
					"DEBUG=1",
					"$(inherited)",
				);
				GCC_WARN_64_TO_32_BIT_CONVERSION = YES;
				GCC_WARN_ABOUT_RETURN_TYPE = YES_ERROR;
				GCC_WARN_UNDECLARED_SELECTOR = YES;
				GCC_WARN_UNINITIALIZED_AUTOS = YES_AGGRESSIVE;
				GCC_WARN_UNUSED_FUNCTION = YES;
				GCC_WARN_UNUSED_VARIABLE = YES;
				IPHONEOS_DEPLOYMENT_TARGET = 9.3;
				MTL_ENABLE_DEBUG_INFO = YES;
				ONLY_ACTIVE_ARCH = YES;
				SDKROOT = iphoneos;
				SWIFT_OPTIMIZATION_LEVEL = "-Onone";
				TARGETED_DEVICE_FAMILY = "1,2";
			};
			name = Debug;
		};
		3B29C5801D21614400005657 /* Release */ = {
			isa = XCBuildConfiguration;
			buildSettings = {
				ALWAYS_SEARCH_USER_PATHS = NO;
				CLANG_ANALYZER_NONNULL = YES;
				CLANG_CXX_LANGUAGE_STANDARD = "gnu++0x";
				CLANG_CXX_LIBRARY = "libc++";
				CLANG_ENABLE_MODULES = YES;
				CLANG_ENABLE_OBJC_ARC = YES;
				CLANG_WARN_BOOL_CONVERSION = YES;
				CLANG_WARN_CONSTANT_CONVERSION = YES;
				CLANG_WARN_DIRECT_OBJC_ISA_USAGE = YES_ERROR;
				CLANG_WARN_EMPTY_BODY = YES;
				CLANG_WARN_ENUM_CONVERSION = YES;
				CLANG_WARN_INT_CONVERSION = YES;
				CLANG_WARN_OBJC_ROOT_CLASS = YES_ERROR;
				CLANG_WARN_UNREACHABLE_CODE = YES;
				CLANG_WARN__DUPLICATE_METHOD_MATCH = YES;
				"CODE_SIGN_IDENTITY[sdk=iphoneos*]" = "iPhone Developer";
				COPY_PHASE_STRIP = NO;
				DEBUG_INFORMATION_FORMAT = "dwarf-with-dsym";
				ENABLE_NS_ASSERTIONS = NO;
				ENABLE_STRICT_OBJC_MSGSEND = YES;
				GCC_C_LANGUAGE_STANDARD = gnu99;
				GCC_NO_COMMON_BLOCKS = YES;
				GCC_WARN_64_TO_32_BIT_CONVERSION = YES;
				GCC_WARN_ABOUT_RETURN_TYPE = YES_ERROR;
				GCC_WARN_UNDECLARED_SELECTOR = YES;
				GCC_WARN_UNINITIALIZED_AUTOS = YES_AGGRESSIVE;
				GCC_WARN_UNUSED_FUNCTION = YES;
				GCC_WARN_UNUSED_VARIABLE = YES;
				IPHONEOS_DEPLOYMENT_TARGET = 9.3;
				MTL_ENABLE_DEBUG_INFO = NO;
				SDKROOT = iphoneos;
				TARGETED_DEVICE_FAMILY = "1,2";
				VALIDATE_PRODUCT = YES;
			};
			name = Release;
		};
		3B29C5821D21614400005657 /* Debug */ = {
			isa = XCBuildConfiguration;
			buildSettings = {
				ASSETCATALOG_COMPILER_APPICON_NAME = AppIcon;
				INFOPLIST_FILE = PennHerniaRiskCalculator/Info.plist;
				LD_RUNPATH_SEARCH_PATHS = "$(inherited) @executable_path/Frameworks";
				PRODUCT_BUNDLE_IDENTIFIER = com.PennSHPEAppDevelopment.PennHerniaRiskCalculator;
				PRODUCT_NAME = "$(TARGET_NAME)";
			};
			name = Debug;
		};
		3B29C5831D21614400005657 /* Release */ = {
			isa = XCBuildConfiguration;
			buildSettings = {
				ASSETCATALOG_COMPILER_APPICON_NAME = AppIcon;
				INFOPLIST_FILE = PennHerniaRiskCalculator/Info.plist;
				LD_RUNPATH_SEARCH_PATHS = "$(inherited) @executable_path/Frameworks";
				PRODUCT_BUNDLE_IDENTIFIER = com.PennSHPEAppDevelopment.PennHerniaRiskCalculator;
				PRODUCT_NAME = "$(TARGET_NAME)";
			};
			name = Release;
		};
		3B29C5851D21614400005657 /* Debug */ = {
			isa = XCBuildConfiguration;
			buildSettings = {
				BUNDLE_LOADER = "$(TEST_HOST)";
				INFOPLIST_FILE = PennHerniaRiskCalculatorTests/Info.plist;
				LD_RUNPATH_SEARCH_PATHS = "$(inherited) @executable_path/Frameworks @loader_path/Frameworks";
				PRODUCT_BUNDLE_IDENTIFIER = com.PennSHPEAppDevelopment.PennHerniaRiskCalculatorTests;
				PRODUCT_NAME = "$(TARGET_NAME)";
				TEST_HOST = "$(BUILT_PRODUCTS_DIR)/PennHerniaRiskCalculator.app/PennHerniaRiskCalculator";
			};
			name = Debug;
		};
		3B29C5861D21614400005657 /* Release */ = {
			isa = XCBuildConfiguration;
			buildSettings = {
				BUNDLE_LOADER = "$(TEST_HOST)";
				INFOPLIST_FILE = PennHerniaRiskCalculatorTests/Info.plist;
				LD_RUNPATH_SEARCH_PATHS = "$(inherited) @executable_path/Frameworks @loader_path/Frameworks";
				PRODUCT_BUNDLE_IDENTIFIER = com.PennSHPEAppDevelopment.PennHerniaRiskCalculatorTests;
				PRODUCT_NAME = "$(TARGET_NAME)";
				TEST_HOST = "$(BUILT_PRODUCTS_DIR)/PennHerniaRiskCalculator.app/PennHerniaRiskCalculator";
			};
			name = Release;
		};
/* End XCBuildConfiguration section */

/* Begin XCConfigurationList section */
		3B29C55F1D21614400005657 /* Build configuration list for PBXProject "PennHerniaRiskCalculator" */ = {
			isa = XCConfigurationList;
			buildConfigurations = (
				3B29C57F1D21614400005657 /* Debug */,
				3B29C5801D21614400005657 /* Release */,
			);
			defaultConfigurationIsVisible = 0;
			defaultConfigurationName = Release;
		};
		3B29C5811D21614400005657 /* Build configuration list for PBXNativeTarget "PennHerniaRiskCalculator" */ = {
			isa = XCConfigurationList;
			buildConfigurations = (
				3B29C5821D21614400005657 /* Debug */,
				3B29C5831D21614400005657 /* Release */,
			);
			defaultConfigurationIsVisible = 0;
		};
		3B29C5841D21614400005657 /* Build configuration list for PBXNativeTarget "PennHerniaRiskCalculatorTests" */ = {
			isa = XCConfigurationList;
			buildConfigurations = (
				3B29C5851D21614400005657 /* Debug */,
				3B29C5861D21614400005657 /* Release */,
			);
			defaultConfigurationIsVisible = 0;
		};
/* End XCConfigurationList section */
	};
	rootObject = 3B29C55C1D21614400005657 /* Project object */;
}
